
Microsoft Visual Studio Solution File, Format Version 12.00
# Visual Studio Version 17
VisualStudioVersion = 17.0.31903.59
MinimumVisualStudioVersion = 10.0.40219.1
Project("{FAE04EC0-301F-11D3-BF4B-00C04F79EFBC}") = "blogest.domain", "blogest.domain\blogest.domain.csproj", "{61802076-5690-4914-8674-AB9F7AB8473A}"
EndProject
Project("{FAE04EC0-301F-11D3-BF4B-00C04F79EFBC}") = "blogest.application", "blogest.application\blogest.application.csproj", "{E79A485A-055D-4A21-A64E-689673EB5058}"
EndProject
Project("{FAE04EC0-301F-11D3-BF4B-00C04F79EFBC}") = "blogest.infrastructure", "blogest.infrastructure\blogest.infrastructure.csproj", "{C00B0AAF-B48A-4D77-B0BE-016A4C7479BF}"
EndProject
Project("{FAE04EC0-301F-11D3-BF4B-00C04F79EFBC}") = "blogest.api", "blogest.api\blogest.api.csproj", "{369D961B-0953-4A1C-BF43-62B278DF7266}"
EndProject
Global
	GlobalSection(SolutionConfigurationPlatforms) = preSolution
		Debug|Any CPU = Debug|Any CPU
		Debug|x64 = Debug|x64
		Debug|x86 = Debug|x86
		Release|Any CPU = Release|Any CPU
		Release|x64 = Release|x64
		Release|x86 = Release|x86
	EndGlobalSection
	GlobalSection(ProjectConfigurationPlatforms) = postSolution
		{61802076-5690-4914-8674-AB9F7AB8473A}.Debug|Any CPU.ActiveCfg = Debug|Any CPU
		{61802076-5690-4914-8674-AB9F7AB8473A}.Debug|Any CPU.Build.0 = Debug|Any CPU
		{61802076-5690-4914-8674-AB9F7AB8473A}.Debug|x64.ActiveCfg = Debug|Any CPU
		{61802076-5690-4914-8674-AB9F7AB8473A}.Debug|x64.Build.0 = Debug|Any CPU
		{61802076-5690-4914-8674-AB9F7AB8473A}.Debug|x86.ActiveCfg = Debug|Any CPU
		{61802076-5690-4914-8674-AB9F7AB8473A}.Debug|x86.Build.0 = Debug|Any CPU
		{61802076-5690-4914-8674-AB9F7AB8473A}.Release|Any CPU.ActiveCfg = Release|Any CPU
		{61802076-5690-4914-8674-AB9F7AB8473A}.Release|Any CPU.Build.0 = Release|Any CPU
		{61802076-5690-4914-8674-AB9F7AB8473A}.Release|x64.ActiveCfg = Release|Any CPU
		{61802076-5690-4914-8674-AB9F7AB8473A}.Release|x64.Build.0 = Release|Any CPU
		{61802076-5690-4914-8674-AB9F7AB8473A}.Release|x86.ActiveCfg = Release|Any CPU
		{61802076-5690-4914-8674-AB9F7AB8473A}.Release|x86.Build.0 = Release|Any CPU
		{E79A485A-055D-4A21-A64E-689673EB5058}.Debug|Any CPU.ActiveCfg = Debug|Any CPU
		{E79A485A-055D-4A21-A64E-689673EB5058}.Debug|Any CPU.Build.0 = Debug|Any CPU
		{E79A485A-055D-4A21-A64E-689673EB5058}.Debug|x64.ActiveCfg = Debug|Any CPU
		{E79A485A-055D-4A21-A64E-689673EB5058}.Debug|x64.Build.0 = Debug|Any CPU
		{E79A485A-055D-4A21-A64E-689673EB5058}.Debug|x86.ActiveCfg = Debug|Any CPU
		{E79A485A-055D-4A21-A64E-689673EB5058}.Debug|x86.Build.0 = Debug|Any CPU
		{E79A485A-055D-4A21-A64E-689673EB5058}.Release|Any CPU.ActiveCfg = Release|Any CPU
		{E79A485A-055D-4A21-A64E-689673EB5058}.Release|Any CPU.Build.0 = Release|Any CPU
		{E79A485A-055D-4A21-A64E-689673EB5058}.Release|x64.ActiveCfg = Release|Any CPU
		{E79A485A-055D-4A21-A64E-689673EB5058}.Release|x64.Build.0 = Release|Any CPU
		{E79A485A-055D-4A21-A64E-689673EB5058}.Release|x86.ActiveCfg = Release|Any CPU
		{E79A485A-055D-4A21-A64E-689673EB5058}.Release|x86.Build.0 = Release|Any CPU
		{C00B0AAF-B48A-4D77-B0BE-016A4C7479BF}.Debug|Any CPU.ActiveCfg = Debug|Any CPU
		{C00B0AAF-B48A-4D77-B0BE-016A4C7479BF}.Debug|Any CPU.Build.0 = Debug|Any CPU
		{C00B0AAF-B48A-4D77-B0BE-016A4C7479BF}.Debug|x64.ActiveCfg = Debug|Any CPU
		{C00B0AAF-B48A-4D77-B0BE-016A4C7479BF}.Debug|x64.Build.0 = Debug|Any CPU
		{C00B0AAF-B48A-4D77-B0BE-016A4C7479BF}.Debug|x86.ActiveCfg = Debug|Any CPU
		{C00B0AAF-B48A-4D77-B0BE-016A4C7479BF}.Debug|x86.Build.0 = Debug|Any CPU
		{C00B0AAF-B48A-4D77-B0BE-016A4C7479BF}.Release|Any CPU.ActiveCfg = Release|Any CPU
		{C00B0AAF-B48A-4D77-B0BE-016A4C7479BF}.Release|Any CPU.Build.0 = Release|Any CPU
		{C00B0AAF-B48A-4D77-B0BE-016A4C7479BF}.Release|x64.ActiveCfg = Release|Any CPU
		{C00B0AAF-B48A-4D77-B0BE-016A4C7479BF}.Release|x64.Build.0 = Release|Any CPU
		{C00B0AAF-B48A-4D77-B0BE-016A4C7479BF}.Release|x86.ActiveCfg = Release|Any CPU
		{C00B0AAF-B48A-4D77-B0BE-016A4C7479BF}.Release|x86.Build.0 = Release|Any CPU
		{369D961B-0953-4A1C-BF43-62B278DF7266}.Debug|Any CPU.ActiveCfg = Debug|Any CPU
		{369D961B-0953-4A1C-BF43-62B278DF7266}.Debug|Any CPU.Build.0 = Debug|Any CPU
		{369D961B-0953-4A1C-BF43-62B278DF7266}.Debug|x64.ActiveCfg = Debug|Any CPU
		{369D961B-0953-4A1C-BF43-62B278DF7266}.Debug|x64.Build.0 = Debug|Any CPU
		{369D961B-0953-4A1C-BF43-62B278DF7266}.Debug|x86.ActiveCfg = Debug|Any CPU
		{369D961B-0953-4A1C-BF43-62B278DF7266}.Debug|x86.Build.0 = Debug|Any CPU
		{369D961B-0953-4A1C-BF43-62B278DF7266}.Release|Any CPU.ActiveCfg = Release|Any CPU
		{369D961B-0953-4A1C-BF43-62B278DF7266}.Release|Any CPU.Build.0 = Release|Any CPU
		{369D961B-0953-4A1C-BF43-62B278DF7266}.Release|x64.ActiveCfg = Release|Any CPU
		{369D961B-0953-4A1C-BF43-62B278DF7266}.Release|x64.Build.0 = Release|Any CPU
		{369D961B-0953-4A1C-BF43-62B278DF7266}.Release|x86.ActiveCfg = Release|Any CPU
		{369D961B-0953-4A1C-BF43-62B278DF7266}.Release|x86.Build.0 = Release|Any CPU
	EndGlobalSection
	GlobalSection(SolutionProperties) = preSolution
		HideSolutionNode = FALSE
	EndGlobalSection
EndGlobal
